
Microsoft Visual Studio Solution File, Format Version 12.00
# Visual Studio Version 17
VisualStudioVersion = 17.6.33815.320
MinimumVisualStudioVersion = 10.0.40219.1
Project("{2150E333-8FDC-42A3-9474-1A3956D46DE8}") = "BookingService", "BookingService", "{54745A7B-4F01-436A-912E-7808C557D8E0}"
EndProject
Project("{2150E333-8FDC-42A3-9474-1A3956D46DE8}") = "PaymentService", "PaymentService", "{E0791195-71E4-46C0-A069-D24CFC14E89C}"
EndProject
Project("{2150E333-8FDC-42A3-9474-1A3956D46DE8}") = "Core", "Core", "{9FC6D71A-8691-42DC-A58A-B96B0C70CC10}"
EndProject
Project("{2150E333-8FDC-42A3-9474-1A3956D46DE8}") = "Domain", "Domain", "{4F38866C-90DC-4D66-AD79-557B57B31B04}"
EndProject
Project("{2150E333-8FDC-42A3-9474-1A3956D46DE8}") = "Application", "Application", "{7B2B8D16-B8B7-4D20-A298-F99EB504DB37}"
EndProject
Project("{2150E333-8FDC-42A3-9474-1A3956D46DE8}") = "Adapters", "Adapters", "{1770EF4F-7366-4506-A34F-1F53D0289698}"
EndProject
Project("{2150E333-8FDC-42A3-9474-1A3956D46DE8}") = "Comsumers", "Comsumers", "{F856B204-1E1C-471B-9F3B-2FEBBF8C7BA9}"
EndProject
Project("{2150E333-8FDC-42A3-9474-1A3956D46DE8}") = "Tests", "Tests", "{A9BE9766-594F-4627-A802-0B23734BA26B}"
EndProject
Project("{9A19103F-16F7-4668-BE54-9A1E7A4F7556}") = "Domain", "BookingService\Core\Domain\Domain.csproj", "{196380EB-1556-4BBE-B150-10D0DB1BA5B3}"
EndProject
Project("{2150E333-8FDC-42A3-9474-1A3956D46DE8}") = "Adapters", "Adapters", "{38ADC414-DFAD-4262-AC07-0E5CDF57D083}"
EndProject
Project("{2150E333-8FDC-42A3-9474-1A3956D46DE8}") = "Application", "Application", "{2DA26647-5FF3-4CE2-B5B9-D13A6630F4F8}"
EndProject
Project("{2150E333-8FDC-42A3-9474-1A3956D46DE8}") = "Domain", "Domain", "{D81F37C4-1860-4332-AAD0-0D9E015784F9}"
EndProject
Project("{9A19103F-16F7-4668-BE54-9A1E7A4F7556}") = "DomainTests", "BookingService\Tests\Domain\DomainTests\DomainTests.csproj", "{4D14D576-E987-4D48-957B-D8C995236D61}"
EndProject
Project("{9A19103F-16F7-4668-BE54-9A1E7A4F7556}") = "ApplicationTests", "BookingService\Tests\Application\ApplicationTests\ApplicationTests.csproj", "{936F6477-DDAB-4271-838A-5F5678C0810F}"
EndProject
Project("{9A19103F-16F7-4668-BE54-9A1E7A4F7556}") = "AdaptersTests", "BookingService\Tests\Adapters\AdaptersTests\AdaptersTests.csproj", "{548E3D5E-02D3-4BA9-92B7-3FC81A822EF6}"
EndProject
Project("{9A19103F-16F7-4668-BE54-9A1E7A4F7556}") = "API", "BookingService\Comsumers\API\API.csproj", "{CCF35142-2678-4CCA-A507-EB15D37F0D5C}"
EndProject
Project("{9A19103F-16F7-4668-BE54-9A1E7A4F7556}") = "Data.Postgres", "BookingService\Adapters\Data\Data.Postgres.csproj", "{82A6E6CC-2038-44BF-BCA1-FBD9914BB837}"
EndProject
Project("{9A19103F-16F7-4668-BE54-9A1E7A4F7556}") = "Application", "BookingService\Core\Application\Application.csproj", "{9543134A-71AC-4471-8207-970A3C1B2C84}"
EndProject
Global
	GlobalSection(SolutionConfigurationPlatforms) = preSolution
		Debug|Any CPU = Debug|Any CPU
		Release|Any CPU = Release|Any CPU
	EndGlobalSection
	GlobalSection(ProjectConfigurationPlatforms) = postSolution
		{196380EB-1556-4BBE-B150-10D0DB1BA5B3}.Debug|Any CPU.ActiveCfg = Debug|Any CPU
		{196380EB-1556-4BBE-B150-10D0DB1BA5B3}.Debug|Any CPU.Build.0 = Debug|Any CPU
		{196380EB-1556-4BBE-B150-10D0DB1BA5B3}.Release|Any CPU.ActiveCfg = Release|Any CPU
		{196380EB-1556-4BBE-B150-10D0DB1BA5B3}.Release|Any CPU.Build.0 = Release|Any CPU
		{4D14D576-E987-4D48-957B-D8C995236D61}.Debug|Any CPU.ActiveCfg = Debug|Any CPU
		{4D14D576-E987-4D48-957B-D8C995236D61}.Debug|Any CPU.Build.0 = Debug|Any CPU
		{4D14D576-E987-4D48-957B-D8C995236D61}.Release|Any CPU.ActiveCfg = Release|Any CPU
		{4D14D576-E987-4D48-957B-D8C995236D61}.Release|Any CPU.Build.0 = Release|Any CPU
		{936F6477-DDAB-4271-838A-5F5678C0810F}.Debug|Any CPU.ActiveCfg = Debug|Any CPU
		{936F6477-DDAB-4271-838A-5F5678C0810F}.Debug|Any CPU.Build.0 = Debug|Any CPU
		{936F6477-DDAB-4271-838A-5F5678C0810F}.Release|Any CPU.ActiveCfg = Release|Any CPU
		{936F6477-DDAB-4271-838A-5F5678C0810F}.Release|Any CPU.Build.0 = Release|Any CPU
		{548E3D5E-02D3-4BA9-92B7-3FC81A822EF6}.Debug|Any CPU.ActiveCfg = Debug|Any CPU
		{548E3D5E-02D3-4BA9-92B7-3FC81A822EF6}.Debug|Any CPU.Build.0 = Debug|Any CPU
		{548E3D5E-02D3-4BA9-92B7-3FC81A822EF6}.Release|Any CPU.ActiveCfg = Release|Any CPU
		{548E3D5E-02D3-4BA9-92B7-3FC81A822EF6}.Release|Any CPU.Build.0 = Release|Any CPU
		{CCF35142-2678-4CCA-A507-EB15D37F0D5C}.Debug|Any CPU.ActiveCfg = Debug|Any CPU
		{CCF35142-2678-4CCA-A507-EB15D37F0D5C}.Debug|Any CPU.Build.0 = Debug|Any CPU
		{CCF35142-2678-4CCA-A507-EB15D37F0D5C}.Release|Any CPU.ActiveCfg = Release|Any CPU
		{CCF35142-2678-4CCA-A507-EB15D37F0D5C}.Release|Any CPU.Build.0 = Release|Any CPU
		{82A6E6CC-2038-44BF-BCA1-FBD9914BB837}.Debug|Any CPU.ActiveCfg = Debug|Any CPU
		{82A6E6CC-2038-44BF-BCA1-FBD9914BB837}.Debug|Any CPU.Build.0 = Debug|Any CPU
		{82A6E6CC-2038-44BF-BCA1-FBD9914BB837}.Release|Any CPU.ActiveCfg = Release|Any CPU
		{82A6E6CC-2038-44BF-BCA1-FBD9914BB837}.Release|Any CPU.Build.0 = Release|Any CPU
		{9543134A-71AC-4471-8207-970A3C1B2C84}.Debug|Any CPU.ActiveCfg = Debug|Any CPU
		{9543134A-71AC-4471-8207-970A3C1B2C84}.Debug|Any CPU.Build.0 = Debug|Any CPU
		{9543134A-71AC-4471-8207-970A3C1B2C84}.Release|Any CPU.ActiveCfg = Release|Any CPU
		{9543134A-71AC-4471-8207-970A3C1B2C84}.Release|Any CPU.Build.0 = Release|Any CPU
	EndGlobalSection
	GlobalSection(SolutionProperties) = preSolution
		HideSolutionNode = FALSE
	EndGlobalSection
	GlobalSection(NestedProjects) = preSolution
		{9FC6D71A-8691-42DC-A58A-B96B0C70CC10} = {54745A7B-4F01-436A-912E-7808C557D8E0}
		{4F38866C-90DC-4D66-AD79-557B57B31B04} = {9FC6D71A-8691-42DC-A58A-B96B0C70CC10}
		{7B2B8D16-B8B7-4D20-A298-F99EB504DB37} = {9FC6D71A-8691-42DC-A58A-B96B0C70CC10}
		{1770EF4F-7366-4506-A34F-1F53D0289698} = {54745A7B-4F01-436A-912E-7808C557D8E0}
		{F856B204-1E1C-471B-9F3B-2FEBBF8C7BA9} = {54745A7B-4F01-436A-912E-7808C557D8E0}
		{A9BE9766-594F-4627-A802-0B23734BA26B} = {54745A7B-4F01-436A-912E-7808C557D8E0}
		{196380EB-1556-4BBE-B150-10D0DB1BA5B3} = {4F38866C-90DC-4D66-AD79-557B57B31B04}
		{38ADC414-DFAD-4262-AC07-0E5CDF57D083} = {A9BE9766-594F-4627-A802-0B23734BA26B}
		{2DA26647-5FF3-4CE2-B5B9-D13A6630F4F8} = {A9BE9766-594F-4627-A802-0B23734BA26B}
		{D81F37C4-1860-4332-AAD0-0D9E015784F9} = {A9BE9766-594F-4627-A802-0B23734BA26B}
		{4D14D576-E987-4D48-957B-D8C995236D61} = {D81F37C4-1860-4332-AAD0-0D9E015784F9}
		{936F6477-DDAB-4271-838A-5F5678C0810F} = {2DA26647-5FF3-4CE2-B5B9-D13A6630F4F8}
		{548E3D5E-02D3-4BA9-92B7-3FC81A822EF6} = {38ADC414-DFAD-4262-AC07-0E5CDF57D083}
		{CCF35142-2678-4CCA-A507-EB15D37F0D5C} = {F856B204-1E1C-471B-9F3B-2FEBBF8C7BA9}
		{82A6E6CC-2038-44BF-BCA1-FBD9914BB837} = {1770EF4F-7366-4506-A34F-1F53D0289698}
		{9543134A-71AC-4471-8207-970A3C1B2C84} = {7B2B8D16-B8B7-4D20-A298-F99EB504DB37}
	EndGlobalSection
	GlobalSection(ExtensibilityGlobals) = postSolution
		SolutionGuid = {FD777C51-E5C0-47C1-8B21-6155564D3C66}
	EndGlobalSection
EndGlobal
